<?xml version="1.0" encoding="utf-8"?>
<Project ToolsVersion="4.0" xmlns="http://schemas.microsoft.com/developer/msbuild/2003">
  <ItemGroup>
    <Filter Include="소스 파일">
      <UniqueIdentifier>{4FC737F1-C7A5-4376-A066-2A32D752A2FF}</UniqueIdentifier>
      <Extensions>cpp;c;cc;cxx;c++;cppm;ixx;def;odl;idl;hpj;bat;asm;asmx</Extensions>
    </Filter>
    <Filter Include="헤더 파일">
      <UniqueIdentifier>{93995380-89BD-4b04-88EB-625FBE52EBFB}</UniqueIdentifier>
      <Extensions>h;hh;hpp;hxx;h++;hm;inl;inc;ipp;xsd</Extensions>
    </Filter>
    <Filter Include="리소스 파일">
      <UniqueIdentifier>{67DA6AB6-F800-4c08-8B7A-83BB121AAD01}</UniqueIdentifier>
      <Extensions>rc;ico;cur;bmp;dlg;rc2;rct;bin;rgs;gif;jpg;jpeg;jpe;resx;tiff;tif;png;wav;mfcribbon-ms</Extensions>
    </Filter>
  </ItemGroup>
  <ItemGroup>
    <ClCompile Include="TextlogRPG.cpp">
      <Filter>소스 파일</Filter>
    </ClCompile>
    <ClCompile Include="TextlogRPG\LevelData\LevelData.cpp">
      <Filter>소스 파일</Filter>
    </ClCompile>
    <ClCompile Include="TextlogRPG\Item\Weapon.cpp">
      <Filter>소스 파일</Filter>
    </ClCompile>
    <ClCompile Include="TextlogRPG\Character\Player.cpp">
      <Filter>소스 파일</Filter>
    </ClCompile>
    <ClCompile Include="TextlogRPG\Core\ItemManager.cpp">
      <Filter>소스 파일</Filter>
    </ClCompile>
    <ClCompile Include="TextlogRPG\Item\Armor.cpp">
      <Filter>소스 파일</Filter>
    </ClCompile>
    <ClCompile Include="TextlogRPG\Item\MiscItem.cpp">
      <Filter>소스 파일</Filter>
    </ClCompile>
    <ClCompile Include="TextlogRPG\Character\CharacterStatus.cpp">
      <Filter>소스 파일</Filter>
    </ClCompile>
    <ClCompile Include="TextlogRPG\Core\GameManager.cpp">
      <Filter>소스 파일</Filter>
    </ClCompile>
    <ClCompile Include="TextlogRPG\NPC\Healer.cpp">
      <Filter>소스 파일</Filter>
    </ClCompile>
    <ClCompile Include="TextlogRPG\NPC\Merchant.cpp">
      <Filter>소스 파일</Filter>
    </ClCompile>
    <ClCompile Include="TextlogRPG\Area\Title.cpp">
      <Filter>소스 파일</Filter>
    </ClCompile>
    <ClCompile Include="TextlogRPG\Area\Village.cpp">
      <Filter>소스 파일</Filter>
    </ClCompile>
    <ClCompile Include="TextlogRPG\Character\Monster.cpp">
      <Filter>소스 파일</Filter>
    </ClCompile>
    <ClCompile Include="TextlogRPG\Area\Dungeon.cpp">
      <Filter>소스 파일</Filter>
    </ClCompile>
    <ClCompile Include="TextlogRPG\Area\DungeonStage.cpp">
      <Filter>소스 파일</Filter>
    </ClCompile>
    <ClCompile Include="TextlogRPG\BattleSystem\MonsterPool.cpp">
      <Filter>소스 파일</Filter>
    </ClCompile>
    <ClCompile Include="TextlogRPG\Core\InventoryManager.cpp">
      <Filter>소스 파일</Filter>
    </ClCompile>
    <ClCompile Include="TextlogRPG\Core\EquipmentManager.cpp">
      <Filter>소스 파일</Filter>
    </ClCompile>
    <ClCompile Include="TextlogRPG\Core\InputManager.cpp">
      <Filter>소스 파일</Filter>
    </ClCompile>
    <ClCompile Include="TextlogRPG\Core\EquipSlot.cpp">
      <Filter>소스 파일</Filter>
    </ClCompile>
  </ItemGroup>
  <ItemGroup>
    <ClInclude Include="TextlogRPG\LevelData\LevelData.h">
      <Filter>헤더 파일</Filter>
    </ClInclude>
    <ClInclude Include="TextlogRPG\Item\Item.h">
      <Filter>헤더 파일</Filter>
    </ClInclude>
    <ClInclude Include="TextlogRPG\Item\Weapon.h">
      <Filter>헤더 파일</Filter>
    </ClInclude>
    <ClInclude Include="TextlogRPG\Character\BaseCharacter.h">
      <Filter>헤더 파일</Filter>
    </ClInclude>
    <ClInclude Include="TextlogRPG\Character\Player.h">
      <Filter>헤더 파일</Filter>
    </ClInclude>
    <ClInclude Include="TextlogRPG\Core\ItemManager.h">
      <Filter>헤더 파일</Filter>
    </ClInclude>
    <ClInclude Include="TextlogRPG\Item\Armor.h">
      <Filter>헤더 파일</Filter>
    </ClInclude>
    <ClInclude Include="TextlogRPG\Item\MiscItem.h">
      <Filter>헤더 파일</Filter>
    </ClInclude>
    <ClInclude Include="TextlogRPG\Character\CharacterStatus.h">
      <Filter>헤더 파일</Filter>
    </ClInclude>
    <ClInclude Include="TextlogRPG\Util\Common.h">
      <Filter>헤더 파일</Filter>
    </ClInclude>
    <ClInclude Include="TextlogRPG\Core\GameManager.h">
      <Filter>헤더 파일</Filter>
    </ClInclude>
    <ClInclude Include="TextlogRPG\NPC\NonPlayerCharacter.h">
      <Filter>헤더 파일</Filter>
    </ClInclude>
    <ClInclude Include="TextlogRPG\NPC\Healer.h">
      <Filter>헤더 파일</Filter>
    </ClInclude>
    <ClInclude Include="TextlogRPG\NPC\Merchant.h">
      <Filter>헤더 파일</Filter>
    </ClInclude>
    <ClInclude Include="TextlogRPG\Area\Area.h">
      <Filter>헤더 파일</Filter>
    </ClInclude>
    <ClInclude Include="TextlogRPG\Area\Title.h">
      <Filter>헤더 파일</Filter>
    </ClInclude>
    <ClInclude Include="TextlogRPG\Area\Village.h">
      <Filter>헤더 파일</Filter>
    </ClInclude>
    <ClInclude Include="TextlogRPG\Area\Dungeon.h">
      <Filter>헤더 파일</Filter>
    </ClInclude>
    <ClInclude Include="TextlogRPG\Character\Monster.h">
      <Filter>헤더 파일</Filter>
    </ClInclude>
    <ClInclude Include="TextlogRPG\Item\EItemType.h">
      <Filter>헤더 파일</Filter>
    </ClInclude>
    <ClInclude Include="TextlogRPG\Util\EGameState.h">
      <Filter>헤더 파일</Filter>
    </ClInclude>
    <ClInclude Include="TextlogRPG\Character\CharacterInfo.h">
      <Filter>헤더 파일</Filter>
    </ClInclude>
    <ClInclude Include="TextlogRPG\Area\DungeonStage.h">
      <Filter>헤더 파일</Filter>
    </ClInclude>
    <ClInclude Include="TextlogRPG\BattleSystem\MonsterPool.h">
      <Filter>헤더 파일</Filter>
    </ClInclude>
    <ClInclude Include="TextlogRPG\Util\Dialogue.h">
      <Filter>헤더 파일</Filter>
    </ClInclude>
    <ClInclude Include="TextlogRPG\Core\InventoryManager.h">
      <Filter>헤더 파일</Filter>
    </ClInclude>
    <ClInclude Include="TextlogRPG\Core\EquipmentManager.h">
      <Filter>헤더 파일</Filter>
    </ClInclude>
    <ClInclude Include="TextlogRPG\Core\InputManager.h">
      <Filter>헤더 파일</Filter>
    </ClInclude>
    <ClInclude Include="TextlogRPG\Core\EquipSlot.h">
      <Filter>헤더 파일</Filter>
    </ClInclude>
    <ClInclude Include="TextlogRPG\Character\Component\IComponent.h">
      <Filter>헤더 파일</Filter>
    </ClInclude>
  </ItemGroup>
</Project>